// !$*UTF8*$!
{
	archiveVersion = 1;
	classes = {
	};
	objectVersion = 56;
	objects = {

/* Begin PBXBuildFile section */
		135EAAC42A54B01F00152EF8 /* iMessage_WrappedApp.swift in Sources */ = {isa = PBXBuildFile; fileRef = 135EAAC32A54B01F00152EF8 /* iMessage_WrappedApp.swift */; };
		135EAAC62A54B01F00152EF8 /* ContentView.swift in Sources */ = {isa = PBXBuildFile; fileRef = 135EAAC52A54B01F00152EF8 /* ContentView.swift */; };
		135EAAC82A54B02000152EF8 /* Assets.xcassets in Resources */ = {isa = PBXBuildFile; fileRef = 135EAAC72A54B02000152EF8 /* Assets.xcassets */; };
		135EAACB2A54B02000152EF8 /* Preview Assets.xcassets in Resources */ = {isa = PBXBuildFile; fileRef = 135EAACA2A54B02000152EF8 /* Preview Assets.xcassets */; };
		135EAAD62A54B02000152EF8 /* iMessage_WrappedTests.swift in Sources */ = {isa = PBXBuildFile; fileRef = 135EAAD52A54B02000152EF8 /* iMessage_WrappedTests.swift */; };
		135EAAE02A54B02000152EF8 /* iMessage_WrappedUITests.swift in Sources */ = {isa = PBXBuildFile; fileRef = 135EAADF2A54B02000152EF8 /* iMessage_WrappedUITests.swift */; };
		135EAAE22A54B02000152EF8 /* iMessage_WrappedUITestsLaunchTests.swift in Sources */ = {isa = PBXBuildFile; fileRef = 135EAAE12A54B02000152EF8 /* iMessage_WrappedUITestsLaunchTests.swift */; };
/* End PBXBuildFile section */

/* Begin PBXContainerItemProxy section */
		135EAAD22A54B02000152EF8 /* PBXContainerItemProxy */ = {
			isa = PBXContainerItemProxy;
			containerPortal = 135EAAB82A54B01F00152EF8 /* Project object */;
			proxyType = 1;
			remoteGlobalIDString = 135EAABF2A54B01F00152EF8;
			remoteInfo = "iMessage Wrapped";
		};
		135EAADC2A54B02000152EF8 /* PBXContainerItemProxy */ = {
			isa = PBXContainerItemProxy;
			containerPortal = 135EAAB82A54B01F00152EF8 /* Project object */;
			proxyType = 1;
			remoteGlobalIDString = 135EAABF2A54B01F00152EF8;
			remoteInfo = "iMessage Wrapped";
		};
/* End PBXContainerItemProxy section */

/* Begin PBXFileReference section */
		135EAAC02A54B01F00152EF8 /* iMessage Wrapped.app */ = {isa = PBXFileReference; explicitFileType = wrapper.application; includeInIndex = 0; path = "iMessage Wrapped.app"; sourceTree = BUILT_PRODUCTS_DIR; };
		135EAAC32A54B01F00152EF8 /* iMessage_WrappedApp.swift */ = {isa = PBXFileReference; lastKnownFileType = sourcecode.swift; path = iMessage_WrappedApp.swift; sourceTree = "<group>"; };
		135EAAC52A54B01F00152EF8 /* ContentView.swift */ = {isa = PBXFileReference; lastKnownFileType = sourcecode.swift; path = ContentView.swift; sourceTree = "<group>"; };
		135EAAC72A54B02000152EF8 /* Assets.xcassets */ = {isa = PBXFileReference; lastKnownFileType = folder.assetcatalog; path = Assets.xcassets; sourceTree = "<group>"; };
		135EAACA2A54B02000152EF8 /* Preview Assets.xcassets */ = {isa = PBXFileReference; lastKnownFileType = folder.assetcatalog; path = "Preview Assets.xcassets"; sourceTree = "<group>"; };
		135EAACC2A54B02000152EF8 /* iMessage_Wrapped.entitlements */ = {isa = PBXFileReference; lastKnownFileType = text.plist.entitlements; path = iMessage_Wrapped.entitlements; sourceTree = "<group>"; };
		135EAAD12A54B02000152EF8 /* iMessage WrappedTests.xctest */ = {isa = PBXFileReference; explicitFileType = wrapper.cfbundle; includeInIndex = 0; path = "iMessage WrappedTests.xctest"; sourceTree = BUILT_PRODUCTS_DIR; };
		135EAAD52A54B02000152EF8 /* iMessage_WrappedTests.swift */ = {isa = PBXFileReference; lastKnownFileType = sourcecode.swift; path = iMessage_WrappedTests.swift; sourceTree = "<group>"; };
		135EAADB2A54B02000152EF8 /* iMessage WrappedUITests.xctest */ = {isa = PBXFileReference; explicitFileType = wrapper.cfbundle; includeInIndex = 0; path = "iMessage WrappedUITests.xctest"; sourceTree = BUILT_PRODUCTS_DIR; };
		135EAADF2A54B02000152EF8 /* iMessage_WrappedUITests.swift */ = {isa = PBXFileReference; lastKnownFileType = sourcecode.swift; path = iMessage_WrappedUITests.swift; sourceTree = "<group>"; };
		135EAAE12A54B02000152EF8 /* iMessage_WrappedUITestsLaunchTests.swift */ = {isa = PBXFileReference; lastKnownFileType = sourcecode.swift; path = iMessage_WrappedUITestsLaunchTests.swift; sourceTree = "<group>"; };
/* End PBXFileReference section */

/* Begin PBXFrameworksBuildPhase section */
		135EAABD2A54B01F00152EF8 /* Frameworks */ = {
			isa = PBXFrameworksBuildPhase;
			buildActionMask = 2147483647;
			files = (
			);
			runOnlyForDeploymentPostprocessing = 0;
		};
		135EAACE2A54B02000152EF8 /* Frameworks */ = {
			isa = PBXFrameworksBuildPhase;
			buildActionMask = 2147483647;
			files = (
			);
			runOnlyForDeploymentPostprocessing = 0;
		};
		135EAAD82A54B02000152EF8 /* Frameworks */ = {
			isa = PBXFrameworksBuildPhase;
			buildActionMask = 2147483647;
			files = (
			);
			runOnlyForDeploymentPostprocessing = 0;
		};
/* End PBXFrameworksBuildPhase section */

/* Begin PBXGroup section */
		135EAAB72A54B01F00152EF8 = {
			isa = PBXGroup;
			children = (
				135EAAC22A54B01F00152EF8 /* iMessage Wrapped */,
				135EAAD42A54B02000152EF8 /* iMessage WrappedTests */,
				135EAADE2A54B02000152EF8 /* iMessage WrappedUITests */,
				135EAAC12A54B01F00152EF8 /* Products */,
			);
			sourceTree = "<group>";
		};
		135EAAC12A54B01F00152EF8 /* Products */ = {
			isa = PBXGroup;
			children = (
				135EAAC02A54B01F00152EF8 /* iMessage Wrapped.app */,
				135EAAD12A54B02000152EF8 /* iMessage WrappedTests.xctest */,
				135EAADB2A54B02000152EF8 /* iMessage WrappedUITests.xctest */,
			);
			name = Products;
			sourceTree = "<group>";
		};
		135EAAC22A54B01F00152EF8 /* iMessage Wrapped */ = {
			isa = PBXGroup;
			children = (
				135EAAC32A54B01F00152EF8 /* iMessage_WrappedApp.swift */,
				135EAAC52A54B01F00152EF8 /* ContentView.swift */,
				135EAAC72A54B02000152EF8 /* Assets.xcassets */,
				135EAACC2A54B02000152EF8 /* iMessage_Wrapped.entitlements */,
				135EAAC92A54B02000152EF8 /* Preview Content */,
			);
			path = "iMessage Wrapped";
			sourceTree = "<group>";
		};
		135EAAC92A54B02000152EF8 /* Preview Content */ = {
			isa = PBXGroup;
			children = (
				135EAACA2A54B02000152EF8 /* Preview Assets.xcassets */,
			);
			path = "Preview Content";
			sourceTree = "<group>";
		};
		135EAAD42A54B02000152EF8 /* iMessage WrappedTests */ = {
			isa = PBXGroup;
			children = (
				135EAAD52A54B02000152EF8 /* iMessage_WrappedTests.swift */,
			);
			path = "iMessage WrappedTests";
			sourceTree = "<group>";
		};
		135EAADE2A54B02000152EF8 /* iMessage WrappedUITests */ = {
			isa = PBXGroup;
			children = (
				135EAADF2A54B02000152EF8 /* iMessage_WrappedUITests.swift */,
				135EAAE12A54B02000152EF8 /* iMessage_WrappedUITestsLaunchTests.swift */,
			);
			path = "iMessage WrappedUITests";
			sourceTree = "<group>";
		};
/* End PBXGroup section */

/* Begin PBXNativeTarget section */
		135EAABF2A54B01F00152EF8 /* iMessage Wrapped */ = {
			isa = PBXNativeTarget;
			buildConfigurationList = 135EAAE52A54B02000152EF8 /* Build configuration list for PBXNativeTarget "iMessage Wrapped" */;
			buildPhases = (
				135EAABC2A54B01F00152EF8 /* Sources */,
				135EAABD2A54B01F00152EF8 /* Frameworks */,
				135EAABE2A54B01F00152EF8 /* Resources */,
			);
			buildRules = (
			);
			dependencies = (
			);
			name = "iMessage Wrapped";
			productName = "iMessage Wrapped";
			productReference = 135EAAC02A54B01F00152EF8 /* iMessage Wrapped.app */;
			productType = "com.apple.product-type.application";
		};
		135EAAD02A54B02000152EF8 /* iMessage WrappedTests */ = {
			isa = PBXNativeTarget;
			buildConfigurationList = 135EAAE82A54B02000152EF8 /* Build configuration list for PBXNativeTarget "iMessage WrappedTests" */;
			buildPhases = (
				135EAACD2A54B02000152EF8 /* Sources */,
				135EAACE2A54B02000152EF8 /* Frameworks */,
				135EAACF2A54B02000152EF8 /* Resources */,
			);
			buildRules = (
			);
			dependencies = (
				135EAAD32A54B02000152EF8 /* PBXTargetDependency */,
			);
			name = "iMessage WrappedTests";
			productName = "iMessage WrappedTests";
			productReference = 135EAAD12A54B02000152EF8 /* iMessage WrappedTests.xctest */;
			productType = "com.apple.product-type.bundle.unit-test";
		};
		135EAADA2A54B02000152EF8 /* iMessage WrappedUITests */ = {
			isa = PBXNativeTarget;
			buildConfigurationList = 135EAAEB2A54B02000152EF8 /* Build configuration list for PBXNativeTarget "iMessage WrappedUITests" */;
			buildPhases = (
				135EAAD72A54B02000152EF8 /* Sources */,
				135EAAD82A54B02000152EF8 /* Frameworks */,
				135EAAD92A54B02000152EF8 /* Resources */,
			);
			buildRules = (
			);
			dependencies = (
				135EAADD2A54B02000152EF8 /* PBXTargetDependency */,
			);
			name = "iMessage WrappedUITests";
			productName = "iMessage WrappedUITests";
			productReference = 135EAADB2A54B02000152EF8 /* iMessage WrappedUITests.xctest */;
			productType = "com.apple.product-type.bundle.ui-testing";
		};
/* End PBXNativeTarget section */

/* Begin PBXProject section */
		135EAAB82A54B01F00152EF8 /* Project object */ = {
			isa = PBXProject;
			attributes = {
				BuildIndependentTargetsInParallel = 1;
				LastSwiftUpdateCheck = 1430;
				LastUpgradeCheck = 1430;
				TargetAttributes = {
					135EAABF2A54B01F00152EF8 = {
						CreatedOnToolsVersion = 14.3.1;
					};
					135EAAD02A54B02000152EF8 = {
						CreatedOnToolsVersion = 14.3.1;
						TestTargetID = 135EAABF2A54B01F00152EF8;
					};
					135EAADA2A54B02000152EF8 = {
						CreatedOnToolsVersion = 14.3.1;
						TestTargetID = 135EAABF2A54B01F00152EF8;
					};
				};
			};
			buildConfigurationList = 135EAABB2A54B01F00152EF8 /* Build configuration list for PBXProject "iMessage Wrapped" */;
			compatibilityVersion = "Xcode 14.0";
			developmentRegion = en;
			hasScannedForEncodings = 0;
			knownRegions = (
				en,
				Base,
			);
			mainGroup = 135EAAB72A54B01F00152EF8;
			productRefGroup = 135EAAC12A54B01F00152EF8 /* Products */;
			projectDirPath = "";
			projectRoot = "";
			targets = (
				135EAABF2A54B01F00152EF8 /* iMessage Wrapped */,
				135EAAD02A54B02000152EF8 /* iMessage WrappedTests */,
				135EAADA2A54B02000152EF8 /* iMessage WrappedUITests */,
			);
		};
/* End PBXProject section */

/* Begin PBXResourcesBuildPhase section */
		135EAABE2A54B01F00152EF8 /* Resources */ = {
			isa = PBXResourcesBuildPhase;
			buildActionMask = 2147483647;
			files = (
				135EAACB2A54B02000152EF8 /* Preview Assets.xcassets in Resources */,
				135EAAC82A54B02000152EF8 /* Assets.xcassets in Resources */,
			);
			runOnlyForDeploymentPostprocessing = 0;
		};
		135EAACF2A54B02000152EF8 /* Resources */ = {
			isa = PBXResourcesBuildPhase;
			buildActionMask = 2147483647;
			files = (
			);
			runOnlyForDeploymentPostprocessing = 0;
		};
		135EAAD92A54B02000152EF8 /* Resources */ = {
			isa = PBXResourcesBuildPhase;
			buildActionMask = 2147483647;
			files = (
			);
			runOnlyForDeploymentPostprocessing = 0;
		};
/* End PBXResourcesBuildPhase section */

/* Begin PBXSourcesBuildPhase section */
		135EAABC2A54B01F00152EF8 /* Sources */ = {
			isa = PBXSourcesBuildPhase;
			buildActionMask = 2147483647;
			files = (
				135EAAC62A54B01F00152EF8 /* ContentView.swift in Sources */,
				135EAAC42A54B01F00152EF8 /* iMessage_WrappedApp.swift in Sources */,
			);
			runOnlyForDeploymentPostprocessing = 0;
		};
		135EAACD2A54B02000152EF8 /* Sources */ = {
			isa = PBXSourcesBuildPhase;
			buildActionMask = 2147483647;
			files = (
				135EAAD62A54B02000152EF8 /* iMessage_WrappedTests.swift in Sources */,
			);
			runOnlyForDeploymentPostprocessing = 0;
		};
		135EAAD72A54B02000152EF8 /* Sources */ = {
			isa = PBXSourcesBuildPhase;
			buildActionMask = 2147483647;
			files = (
				135EAAE22A54B02000152EF8 /* iMessage_WrappedUITestsLaunchTests.swift in Sources */,
				135EAAE02A54B02000152EF8 /* iMessage_WrappedUITests.swift in Sources */,
			);
			runOnlyForDeploymentPostprocessing = 0;
		};
/* End PBXSourcesBuildPhase section */

/* Begin PBXTargetDependency section */
		135EAAD32A54B02000152EF8 /* PBXTargetDependency */ = {
			isa = PBXTargetDependency;
			target = 135EAABF2A54B01F00152EF8 /* iMessage Wrapped */;
			targetProxy = 135EAAD22A54B02000152EF8 /* PBXContainerItemProxy */;
		};
		135EAADD2A54B02000152EF8 /* PBXTargetDependency */ = {
			isa = PBXTargetDependency;
			target = 135EAABF2A54B01F00152EF8 /* iMessage Wrapped */;
			targetProxy = 135EAADC2A54B02000152EF8 /* PBXContainerItemProxy */;
		};
/* End PBXTargetDependency section */

/* Begin XCBuildConfiguration section */
		135EAAE32A54B02000152EF8 /* Debug */ = {
			isa = XCBuildConfiguration;
			buildSettings = {
				ALWAYS_SEARCH_USER_PATHS = NO;
				CLANG_ANALYZER_NONNULL = YES;
				CLANG_ANALYZER_NUMBER_OBJECT_CONVERSION = YES_AGGRESSIVE;
				CLANG_CXX_LANGUAGE_STANDARD = "gnu++20";
				CLANG_ENABLE_MODULES = YES;
				CLANG_ENABLE_OBJC_ARC = YES;
				CLANG_ENABLE_OBJC_WEAK = YES;
				CLANG_WARN_BLOCK_CAPTURE_AUTORELEASING = YES;
				CLANG_WARN_BOOL_CONVERSION = YES;
				CLANG_WARN_COMMA = YES;
				CLANG_WARN_CONSTANT_CONVERSION = YES;
				CLANG_WARN_DEPRECATED_OBJC_IMPLEMENTATIONS = YES;
				CLANG_WARN_DIRECT_OBJC_ISA_USAGE = YES_ERROR;
				CLANG_WARN_DOCUMENTATION_COMMENTS = YES;
				CLANG_WARN_EMPTY_BODY = YES;
				CLANG_WARN_ENUM_CONVERSION = YES;
				CLANG_WARN_INFINITE_RECURSION = YES;
				CLANG_WARN_INT_CONVERSION = YES;
				CLANG_WARN_NON_LITERAL_NULL_CONVERSION = YES;
				CLANG_WARN_OBJC_IMPLICIT_RETAIN_SELF = YES;
				CLANG_WARN_OBJC_LITERAL_CONVERSION = YES;
				CLANG_WARN_OBJC_ROOT_CLASS = YES_ERROR;
				CLANG_WARN_QUOTED_INCLUDE_IN_FRAMEWORK_HEADER = YES;
				CLANG_WARN_RANGE_LOOP_ANALYSIS = YES;
				CLANG_WARN_STRICT_PROTOTYPES = YES;
				CLANG_WARN_SUSPICIOUS_MOVE = YES;
				CLANG_WARN_UNGUARDED_AVAILABILITY = YES_AGGRESSIVE;
				CLANG_WARN_UNREACHABLE_CODE = YES;
				CLANG_WARN__DUPLICATE_METHOD_MATCH = YES;
				COPY_PHASE_STRIP = NO;
				DEBUG_INFORMATION_FORMAT = dwarf;
				ENABLE_STRICT_OBJC_MSGSEND = YES;
				ENABLE_TESTABILITY = YES;
				GCC_C_LANGUAGE_STANDARD = gnu11;
				GCC_DYNAMIC_NO_PIC = NO;
				GCC_NO_COMMON_BLOCKS = YES;
				GCC_OPTIMIZATION_LEVEL = 0;
				GCC_PREPROCESSOR_DEFINITIONS = (
					"DEBUG=1",
					"$(inherited)",
				);
				GCC_WARN_64_TO_32_BIT_CONVERSION = YES;
				GCC_WARN_ABOUT_RETURN_TYPE = YES_ERROR;
				GCC_WARN_UNDECLARED_SELECTOR = YES;
				GCC_WARN_UNINITIALIZED_AUTOS = YES_AGGRESSIVE;
				GCC_WARN_UNUSED_FUNCTION = YES;
				GCC_WARN_UNUSED_VARIABLE = YES;
				MACOSX_DEPLOYMENT_TARGET = 13.0;
				MTL_ENABLE_DEBUG_INFO = INCLUDE_SOURCE;
				MTL_FAST_MATH = YES;
				ONLY_ACTIVE_ARCH = YES;
				SDKROOT = macosx;
				SWIFT_ACTIVE_COMPILATION_CONDITIONS = DEBUG;
				SWIFT_OPTIMIZATION_LEVEL = "-Onone";
			};
			name = Debug;
		};
		135EAAE42A54B02000152EF8 /* Release */ = {
			isa = XCBuildConfiguration;
			buildSettings = {
				ALWAYS_SEARCH_USER_PATHS = NO;
				CLANG_ANALYZER_NONNULL = YES;
				CLANG_ANALYZER_NUMBER_OBJECT_CONVERSION = YES_AGGRESSIVE;
				CLANG_CXX_LANGUAGE_STANDARD = "gnu++20";
				CLANG_ENABLE_MODULES = YES;
				CLANG_ENABLE_OBJC_ARC = YES;
				CLANG_ENABLE_OBJC_WEAK = YES;
				CLANG_WARN_BLOCK_CAPTURE_AUTORELEASING = YES;
				CLANG_WARN_BOOL_CONVERSION = YES;
				CLANG_WARN_COMMA = YES;
				CLANG_WARN_CONSTANT_CONVERSION = YES;
				CLANG_WARN_DEPRECATED_OBJC_IMPLEMENTATIONS = YES;
				CLANG_WARN_DIRECT_OBJC_ISA_USAGE = YES_ERROR;
				CLANG_WARN_DOCUMENTATION_COMMENTS = YES;
				CLANG_WARN_EMPTY_BODY = YES;
				CLANG_WARN_ENUM_CONVERSION = YES;
				CLANG_WARN_INFINITE_RECURSION = YES;
				CLANG_WARN_INT_CONVERSION = YES;
				CLANG_WARN_NON_LITERAL_NULL_CONVERSION = YES;
				CLANG_WARN_OBJC_IMPLICIT_RETAIN_SELF = YES;
				CLANG_WARN_OBJC_LITERAL_CONVERSION = YES;
				CLANG_WARN_OBJC_ROOT_CLASS = YES_ERROR;
				CLANG_WARN_QUOTED_INCLUDE_IN_FRAMEWORK_HEADER = YES;
				CLANG_WARN_RANGE_LOOP_ANALYSIS = YES;
				CLANG_WARN_STRICT_PROTOTYPES = YES;
				CLANG_WARN_SUSPICIOUS_MOVE = YES;
				CLANG_WARN_UNGUARDED_AVAILABILITY = YES_AGGRESSIVE;
				CLANG_WARN_UNREACHABLE_CODE = YES;
				CLANG_WARN__DUPLICATE_METHOD_MATCH = YES;
				COPY_PHASE_STRIP = NO;
				DEBUG_INFORMATION_FORMAT = "dwarf-with-dsym";
				ENABLE_NS_ASSERTIONS = NO;
				ENABLE_STRICT_OBJC_MSGSEND = YES;
				GCC_C_LANGUAGE_STANDARD = gnu11;
				GCC_NO_COMMON_BLOCKS = YES;
				GCC_WARN_64_TO_32_BIT_CONVERSION = YES;
				GCC_WARN_ABOUT_RETURN_TYPE = YES_ERROR;
				GCC_WARN_UNDECLARED_SELECTOR = YES;
				GCC_WARN_UNINITIALIZED_AUTOS = YES_AGGRESSIVE;
				GCC_WARN_UNUSED_FUNCTION = YES;
				GCC_WARN_UNUSED_VARIABLE = YES;
				MACOSX_DEPLOYMENT_TARGET = 13.0;
				MTL_ENABLE_DEBUG_INFO = NO;
				MTL_FAST_MATH = YES;
				SDKROOT = macosx;
				SWIFT_COMPILATION_MODE = wholemodule;
				SWIFT_OPTIMIZATION_LEVEL = "-O";
			};
			name = Release;
		};
		135EAAE62A54B02000152EF8 /* Debug */ = {
			isa = XCBuildConfiguration;
			buildSettings = {
				ASSETCATALOG_COMPILER_APPICON_NAME = AppIcon;
				ASSETCATALOG_COMPILER_GLOBAL_ACCENT_COLOR_NAME = AccentColor;
				CODE_SIGN_ENTITLEMENTS = "iMessage Wrapped/iMessage_Wrapped.entitlements";
				CODE_SIGN_STYLE = Automatic;
				COMBINE_HIDPI_IMAGES = YES;
				CURRENT_PROJECT_VERSION = 1;
				DEVELOPMENT_ASSET_PATHS = "\"iMessage Wrapped/Preview Content\"";
				ENABLE_PREVIEWS = YES;
				GENERATE_INFOPLIST_FILE = YES;
				INFOPLIST_KEY_NSHumanReadableCopyright = "";
				LD_RUNPATH_SEARCH_PATHS = (
					"$(inherited)",
					"@executable_path/../Frameworks",
				);
				MARKETING_VERSION = 1.0;
				PRODUCT_BUNDLE_IDENTIFIER = "com.thomaslam.iMessage-Wrapped";
				PRODUCT_NAME = "$(TARGET_NAME)";
				SWIFT_EMIT_LOC_STRINGS = YES;
				SWIFT_VERSION = 5.0;
			};
			name = Debug;
		};
		135EAAE72A54B02000152EF8 /* Release */ = {
			isa = XCBuildConfiguration;
			buildSettings = {
				ASSETCATALOG_COMPILER_APPICON_NAME = AppIcon;
				ASSETCATALOG_COMPILER_GLOBAL_ACCENT_COLOR_NAME = AccentColor;
				CODE_SIGN_ENTITLEMENTS = "iMessage Wrapped/iMessage_Wrapped.entitlements";
				CODE_SIGN_STYLE = Automatic;
				COMBINE_HIDPI_IMAGES = YES;
				CURRENT_PROJECT_VERSION = 1;
				DEVELOPMENT_ASSET_PATHS = "\"iMessage Wrapped/Preview Content\"";
				ENABLE_PREVIEWS = YES;
				GENERATE_INFOPLIST_FILE = YES;
				INFOPLIST_KEY_NSHumanReadableCopyright = "";
				LD_RUNPATH_SEARCH_PATHS = (
					"$(inherited)",
					"@executable_path/../Frameworks",
				);
				MARKETING_VERSION = 1.0;
				PRODUCT_BUNDLE_IDENTIFIER = "com.thomaslam.iMessage-Wrapped";
				PRODUCT_NAME = "$(TARGET_NAME)";
				SWIFT_EMIT_LOC_STRINGS = YES;
				SWIFT_VERSION = 5.0;
			};
			name = Release;
		};
		135EAAE92A54B02000152EF8 /* Debug */ = {
			isa = XCBuildConfiguration;
			buildSettings = {
				ALWAYS_EMBED_SWIFT_STANDARD_LIBRARIES = YES;
				BUNDLE_LOADER = "$(TEST_HOST)";
				CODE_SIGN_STYLE = Automatic;
				CURRENT_PROJECT_VERSION = 1;
				GENERATE_INFOPLIST_FILE = YES;
				MACOSX_DEPLOYMENT_TARGET = 13.0;
				MARKETING_VERSION = 1.0;
				PRODUCT_BUNDLE_IDENTIFIER = "com.thomaslam.iMessage-WrappedTests";
				PRODUCT_NAME = "$(TARGET_NAME)";
				SWIFT_EMIT_LOC_STRINGS = NO;
				SWIFT_VERSION = 5.0;
				TEST_HOST = "$(BUILT_PRODUCTS_DIR)/iMessage Wrapped.app/$(BUNDLE_EXECUTABLE_FOLDER_PATH)/iMessage Wrapped";
			};
			name = Debug;
		};
		135EAAEA2A54B02000152EF8 /* Release */ = {
			isa = XCBuildConfiguration;
			buildSettings = {
				ALWAYS_EMBED_SWIFT_STANDARD_LIBRARIES = YES;
				BUNDLE_LOADER = "$(TEST_HOST)";
				CODE_SIGN_STYLE = Automatic;
				CURRENT_PROJECT_VERSION = 1;
				GENERATE_INFOPLIST_FILE = YES;
				MACOSX_DEPLOYMENT_TARGET = 13.0;
				MARKETING_VERSION = 1.0;
				PRODUCT_BUNDLE_IDENTIFIER = "com.thomaslam.iMessage-WrappedTests";
				PRODUCT_NAME = "$(TARGET_NAME)";
				SWIFT_EMIT_LOC_STRINGS = NO;
				SWIFT_VERSION = 5.0;
				TEST_HOST = "$(BUILT_PRODUCTS_DIR)/iMessage Wrapped.app/$(BUNDLE_EXECUTABLE_FOLDER_PATH)/iMessage Wrapped";
			};
			name = Release;
		};
		135EAAEC2A54B02000152EF8 /* Debug */ = {
			isa = XCBuildConfiguration;
			buildSettings = {
				ALWAYS_EMBED_SWIFT_STANDARD_LIBRARIES = YES;
				CODE_SIGN_STYLE = Automatic;
				CURRENT_PROJECT_VERSION = 1;
				GENERATE_INFOPLIST_FILE = YES;
				MARKETING_VERSION = 1.0;
				PRODUCT_BUNDLE_IDENTIFIER = "com.thomaslam.iMessage-WrappedUITests";
				PRODUCT_NAME = "$(TARGET_NAME)";
				SWIFT_EMIT_LOC_STRINGS = NO;
				SWIFT_VERSION = 5.0;
				TEST_TARGET_NAME = "iMessage Wrapped";
			};
			name = Debug;
		};
		135EAAED2A54B02000152EF8 /* Release */ = {
			isa = XCBuildConfiguration;
			buildSettings = {
				ALWAYS_EMBED_SWIFT_STANDARD_LIBRARIES = YES;
				CODE_SIGN_STYLE = Automatic;
				CURRENT_PROJECT_VERSION = 1;
				GENERATE_INFOPLIST_FILE = YES;
				MARKETING_VERSION = 1.0;
				PRODUCT_BUNDLE_IDENTIFIER = "com.thomaslam.iMessage-WrappedUITests";
				PRODUCT_NAME = "$(TARGET_NAME)";
				SWIFT_EMIT_LOC_STRINGS = NO;
				SWIFT_VERSION = 5.0;
				TEST_TARGET_NAME = "iMessage Wrapped";
			};
			name = Release;
		};
/* End XCBuildConfiguration section */

/* Begin XCConfigurationList section */
		135EAABB2A54B01F00152EF8 /* Build configuration list for PBXProject "iMessage Wrapped" */ = {
			isa = XCConfigurationList;
			buildConfigurations = (
				135EAAE32A54B02000152EF8 /* Debug */,
				135EAAE42A54B02000152EF8 /* Release */,
			);
			defaultConfigurationIsVisible = 0;
			defaultConfigurationName = Release;
		};
		135EAAE52A54B02000152EF8 /* Build configuration list for PBXNativeTarget "iMessage Wrapped" */ = {
			isa = XCConfigurationList;
			buildConfigurations = (
				135EAAE62A54B02000152EF8 /* Debug */,
				135EAAE72A54B02000152EF8 /* Release */,
			);
			defaultConfigurationIsVisible = 0;
			defaultConfigurationName = Release;
		};
		135EAAE82A54B02000152EF8 /* Build configuration list for PBXNativeTarget "iMessage WrappedTests" */ = {
			isa = XCConfigurationList;
			buildConfigurations = (
				135EAAE92A54B02000152EF8 /* Debug */,
				135EAAEA2A54B02000152EF8 /* Release */,
			);
			defaultConfigurationIsVisible = 0;
			defaultConfigurationName = Release;
		};
		135EAAEB2A54B02000152EF8 /* Build configuration list for PBXNativeTarget "iMessage WrappedUITests" */ = {
			isa = XCConfigurationList;
			buildConfigurations = (
				135EAAEC2A54B02000152EF8 /* Debug */,
				135EAAED2A54B02000152EF8 /* Release */,
			);
			defaultConfigurationIsVisible = 0;
			defaultConfigurationName = Release;
		};
/* End XCConfigurationList section */
	};
	rootObject = 135EAAB82A54B01F00152EF8 /* Project object */;
}
